// !$*UTF8*$!
{
	archiveVersion = 1;
	classes = {
	};
	objectVersion = 46;
	objects = {

/* Begin PBXBuildFile section */
		BD4164BE1BF549C700A8C6E0 /* StudentsTableViewController.swift in Sources */ = {isa = PBXBuildFile; fileRef = BD4164BD1BF549C700A8C6E0 /* StudentsTableViewController.swift */; };
		BD4A9FCF1BF28F27004E6C15 /* AppDelegate.swift in Sources */ = {isa = PBXBuildFile; fileRef = BD4A9FCE1BF28F27004E6C15 /* AppDelegate.swift */; };
		BD4A9FD41BF28F27004E6C15 /* Main.storyboard in Resources */ = {isa = PBXBuildFile; fileRef = BD4A9FD21BF28F27004E6C15 /* Main.storyboard */; };
		BD4A9FD61BF28F27004E6C15 /* Assets.xcassets in Resources */ = {isa = PBXBuildFile; fileRef = BD4A9FD51BF28F27004E6C15 /* Assets.xcassets */; };
		BD4A9FD91BF28F27004E6C15 /* LaunchScreen.storyboard in Resources */ = {isa = PBXBuildFile; fileRef = BD4A9FD71BF28F27004E6C15 /* LaunchScreen.storyboard */; };
		BD4A9FE31BF29EA1004E6C15 /* LoginViewController.swift in Sources */ = {isa = PBXBuildFile; fileRef = BD4A9FE21BF29EA1004E6C15 /* LoginViewController.swift */; };
		BD4A9FE51BF2ACF0004E6C15 /* MapViewController.swift in Sources */ = {isa = PBXBuildFile; fileRef = BD4A9FE41BF2ACF0004E6C15 /* MapViewController.swift */; };
		BD5BC3311BF3D22500D08255 /* UdacityProvider.swift in Sources */ = {isa = PBXBuildFile; fileRef = BD5BC3301BF3D22500D08255 /* UdacityProvider.swift */; };
		BD788E911BF50D1A00736340 /* ParseProvider.swift in Sources */ = {isa = PBXBuildFile; fileRef = BD788E901BF50D1A00736340 /* ParseProvider.swift */; };
		BD788E931BF50DA900736340 /* StudentLocation.swift in Sources */ = {isa = PBXBuildFile; fileRef = BD788E921BF50DA900736340 /* StudentLocation.swift */; };
		BD788E961BF512C400736340 /* RESTApiHelpers.swift in Sources */ = {isa = PBXBuildFile; fileRef = BD788E951BF512C400736340 /* RESTApiHelpers.swift */; };
		BDF5CCD11BF655FC000D443F /* DataObserver.swift in Sources */ = {isa = PBXBuildFile; fileRef = BDF5CCD01BF655FC000D443F /* DataObserver.swift */; };
		BDF5CCD31BF65660000D443F /* StudentLocations.swift in Sources */ = {isa = PBXBuildFile; fileRef = BDF5CCD21BF65660000D443F /* StudentLocations.swift */; };
		BDF5CCD51BF6746F000D443F /* PinPostingViewController.swift in Sources */ = {isa = PBXBuildFile; fileRef = BDF5CCD41BF6746F000D443F /* PinPostingViewController.swift */; };
/* End PBXBuildFile section */

/* Begin PBXFileReference section */
		BD4164BD1BF549C700A8C6E0 /* StudentsTableViewController.swift */ = {isa = PBXFileReference; fileEncoding = 4; lastKnownFileType = sourcecode.swift; path = StudentsTableViewController.swift; sourceTree = "<group>"; };
		BD4A9FCB1BF28F27004E6C15 /* OnTheMap.app */ = {isa = PBXFileReference; explicitFileType = wrapper.application; includeInIndex = 0; path = OnTheMap.app; sourceTree = BUILT_PRODUCTS_DIR; };
		BD4A9FCE1BF28F27004E6C15 /* AppDelegate.swift */ = {isa = PBXFileReference; lastKnownFileType = sourcecode.swift; path = AppDelegate.swift; sourceTree = "<group>"; };
		BD4A9FD31BF28F27004E6C15 /* Base */ = {isa = PBXFileReference; lastKnownFileType = file.storyboard; name = Base; path = Base.lproj/Main.storyboard; sourceTree = "<group>"; };
		BD4A9FD51BF28F27004E6C15 /* Assets.xcassets */ = {isa = PBXFileReference; lastKnownFileType = folder.assetcatalog; path = Assets.xcassets; sourceTree = "<group>"; };
		BD4A9FD81BF28F27004E6C15 /* Base */ = {isa = PBXFileReference; lastKnownFileType = file.storyboard; name = Base; path = Base.lproj/LaunchScreen.storyboard; sourceTree = "<group>"; };
		BD4A9FDA1BF28F27004E6C15 /* Info.plist */ = {isa = PBXFileReference; lastKnownFileType = text.plist.xml; path = Info.plist; sourceTree = "<group>"; };
		BD4A9FE21BF29EA1004E6C15 /* LoginViewController.swift */ = {isa = PBXFileReference; fileEncoding = 4; lastKnownFileType = sourcecode.swift; path = LoginViewController.swift; sourceTree = "<group>"; };
		BD4A9FE41BF2ACF0004E6C15 /* MapViewController.swift */ = {isa = PBXFileReference; fileEncoding = 4; lastKnownFileType = sourcecode.swift; path = MapViewController.swift; sourceTree = "<group>"; };
		BD5BC3301BF3D22500D08255 /* UdacityProvider.swift */ = {isa = PBXFileReference; fileEncoding = 4; lastKnownFileType = sourcecode.swift; path = UdacityProvider.swift; sourceTree = "<group>"; };
		BD788E901BF50D1A00736340 /* ParseProvider.swift */ = {isa = PBXFileReference; fileEncoding = 4; lastKnownFileType = sourcecode.swift; path = ParseProvider.swift; sourceTree = "<group>"; };
		BD788E921BF50DA900736340 /* StudentLocation.swift */ = {isa = PBXFileReference; fileEncoding = 4; lastKnownFileType = sourcecode.swift; path = StudentLocation.swift; sourceTree = "<group>"; };
		BD788E951BF512C400736340 /* RESTApiHelpers.swift */ = {isa = PBXFileReference; fileEncoding = 4; lastKnownFileType = sourcecode.swift; path = RESTApiHelpers.swift; sourceTree = "<group>"; };
		BDF5CCD01BF655FC000D443F /* DataObserver.swift */ = {isa = PBXFileReference; fileEncoding = 4; lastKnownFileType = sourcecode.swift; path = DataObserver.swift; sourceTree = "<group>"; };
		BDF5CCD21BF65660000D443F /* StudentLocations.swift */ = {isa = PBXFileReference; fileEncoding = 4; lastKnownFileType = sourcecode.swift; path = StudentLocations.swift; sourceTree = "<group>"; };
		BDF5CCD41BF6746F000D443F /* PinPostingViewController.swift */ = {isa = PBXFileReference; fileEncoding = 4; lastKnownFileType = sourcecode.swift; path = PinPostingViewController.swift; sourceTree = "<group>"; };
/* End PBXFileReference section */

/* Begin PBXFrameworksBuildPhase section */
		BD4A9FC81BF28F27004E6C15 /* Frameworks */ = {
			isa = PBXFrameworksBuildPhase;
			buildActionMask = 2147483647;
			files = (
			);
			runOnlyForDeploymentPostprocessing = 0;
		};
/* End PBXFrameworksBuildPhase section */

/* Begin PBXGroup section */
		BD4A9FC21BF28F27004E6C15 = {
			isa = PBXGroup;
			children = (
				BD4A9FCD1BF28F27004E6C15 /* OnTheMap */,
				BD4A9FCC1BF28F27004E6C15 /* Products */,
			);
			sourceTree = "<group>";
		};
		BD4A9FCC1BF28F27004E6C15 /* Products */ = {
			isa = PBXGroup;
			children = (
				BD4A9FCB1BF28F27004E6C15 /* OnTheMap.app */,
			);
			name = Products;
			sourceTree = "<group>";
		};
		BD4A9FCD1BF28F27004E6C15 /* OnTheMap */ = {
			isa = PBXGroup;
			children = (
				BD4A9FCE1BF28F27004E6C15 /* AppDelegate.swift */,
				BDF5CCCF1BF655DC000D443F /* Protocols */,
				BD788E941BF5128E00736340 /* Utils */,
				BD4A9FE01BF29E5A004E6C15 /* Models */,
				BD5BC32F1BF3C68100D08255 /* DataProviders */,
				BD4A9FE11BF29E6E004E6C15 /* ViewControllers */,
				BD4A9FD21BF28F27004E6C15 /* Main.storyboard */,
				BD4A9FD51BF28F27004E6C15 /* Assets.xcassets */,
				BD4A9FD71BF28F27004E6C15 /* LaunchScreen.storyboard */,
				BD4A9FDA1BF28F27004E6C15 /* Info.plist */,
			);
			path = OnTheMap;
			sourceTree = "<group>";
		};
		BD4A9FE01BF29E5A004E6C15 /* Models */ = {
			isa = PBXGroup;
			children = (
				BD788E921BF50DA900736340 /* StudentLocation.swift */,
				BDF5CCD21BF65660000D443F /* StudentLocations.swift */,
			);
			name = Models;
			sourceTree = "<group>";
		};
		BD4A9FE11BF29E6E004E6C15 /* ViewControllers */ = {
			isa = PBXGroup;
			children = (
				BD4A9FE21BF29EA1004E6C15 /* LoginViewController.swift */,
				BD4A9FE41BF2ACF0004E6C15 /* MapViewController.swift */,
				BD4164BD1BF549C700A8C6E0 /* StudentsTableViewController.swift */,
				BDF5CCD41BF6746F000D443F /* PinPostingViewController.swift */,
			);
			name = ViewControllers;
			sourceTree = "<group>";
		};
		BD5BC32F1BF3C68100D08255 /* DataProviders */ = {
			isa = PBXGroup;
			children = (
				BD5BC3301BF3D22500D08255 /* UdacityProvider.swift */,
				BD788E901BF50D1A00736340 /* ParseProvider.swift */,
			);
			name = DataProviders;
			sourceTree = "<group>";
		};
		BD788E941BF5128E00736340 /* Utils */ = {
			isa = PBXGroup;
			children = (
				BD788E951BF512C400736340 /* RESTApiHelpers.swift */,
			);
			name = Utils;
			sourceTree = "<group>";
		};
		BDF5CCCF1BF655DC000D443F /* Protocols */ = {
			isa = PBXGroup;
			children = (
				BDF5CCD01BF655FC000D443F /* DataObserver.swift */,
			);
			name = Protocols;
			sourceTree = "<group>";
		};
/* End PBXGroup section */

/* Begin PBXNativeTarget section */
		BD4A9FCA1BF28F27004E6C15 /* OnTheMap */ = {
			isa = PBXNativeTarget;
			buildConfigurationList = BD4A9FDD1BF28F27004E6C15 /* Build configuration list for PBXNativeTarget "OnTheMap" */;
			buildPhases = (
				BD4A9FC71BF28F27004E6C15 /* Sources */,
				BD4A9FC81BF28F27004E6C15 /* Frameworks */,
				BD4A9FC91BF28F27004E6C15 /* Resources */,
			);
			buildRules = (
			);
			dependencies = (
			);
			name = OnTheMap;
			productName = OnTheMap;
			productReference = BD4A9FCB1BF28F27004E6C15 /* OnTheMap.app */;
			productType = "com.apple.product-type.application";
		};
/* End PBXNativeTarget section */

/* Begin PBXProject section */
		BD4A9FC31BF28F27004E6C15 /* Project object */ = {
			isa = PBXProject;
			attributes = {
				LastSwiftUpdateCheck = 0710;
				LastUpgradeCheck = 0710;
				ORGANIZATIONNAME = "Jeff Newell";
				TargetAttributes = {
					BD4A9FCA1BF28F27004E6C15 = {
						CreatedOnToolsVersion = 7.1;
					};
				};
			};
			buildConfigurationList = BD4A9FC61BF28F27004E6C15 /* Build configuration list for PBXProject "OnTheMap" */;
			compatibilityVersion = "Xcode 3.2";
			developmentRegion = English;
			hasScannedForEncodings = 0;
			knownRegions = (
				en,
				Base,
			);
			mainGroup = BD4A9FC21BF28F27004E6C15;
			productRefGroup = BD4A9FCC1BF28F27004E6C15 /* Products */;
			projectDirPath = "";
			projectRoot = "";
			targets = (
				BD4A9FCA1BF28F27004E6C15 /* OnTheMap */,
			);
		};
/* End PBXProject section */

/* Begin PBXResourcesBuildPhase section */
		BD4A9FC91BF28F27004E6C15 /* Resources */ = {
			isa = PBXResourcesBuildPhase;
			buildActionMask = 2147483647;
			files = (
				BD4A9FD91BF28F27004E6C15 /* LaunchScreen.storyboard in Resources */,
				BD4A9FD61BF28F27004E6C15 /* Assets.xcassets in Resources */,
				BD4A9FD41BF28F27004E6C15 /* Main.storyboard in Resources */,
			);
			runOnlyForDeploymentPostprocessing = 0;
		};
/* End PBXResourcesBuildPhase section */

/* Begin PBXSourcesBuildPhase section */
		BD4A9FC71BF28F27004E6C15 /* Sources */ = {
			isa = PBXSourcesBuildPhase;
			buildActionMask = 2147483647;
			files = (
				BDF5CCD31BF65660000D443F /* StudentLocations.swift in Sources */,
				BD788E931BF50DA900736340 /* StudentLocation.swift in Sources */,
				BD788E961BF512C400736340 /* RESTApiHelpers.swift in Sources */,
				BDF5CCD11BF655FC000D443F /* DataObserver.swift in Sources */,
				BD4A9FE31BF29EA1004E6C15 /* LoginViewController.swift in Sources */,
				BD4A9FE51BF2ACF0004E6C15 /* MapViewController.swift in Sources */,
				BDF5CCD51BF6746F000D443F /* PinPostingViewController.swift in Sources */,
				BD788E911BF50D1A00736340 /* ParseProvider.swift in Sources */,
				BD5BC3311BF3D22500D08255 /* UdacityProvider.swift in Sources */,
				BD4A9FCF1BF28F27004E6C15 /* AppDelegate.swift in Sources */,
				BD4164BE1BF549C700A8C6E0 /* StudentsTableViewController.swift in Sources */,
			);
			runOnlyForDeploymentPostprocessing = 0;
		};
/* End PBXSourcesBuildPhase section */

/* Begin PBXVariantGroup section */
		BD4A9FD21BF28F27004E6C15 /* Main.storyboard */ = {
			isa = PBXVariantGroup;
			children = (
				BD4A9FD31BF28F27004E6C15 /* Base */,
			);
			name = Main.storyboard;
			sourceTree = "<group>";
		};
		BD4A9FD71BF28F27004E6C15 /* LaunchScreen.storyboard */ = {
			isa = PBXVariantGroup;
			children = (
				BD4A9FD81BF28F27004E6C15 /* Base */,
			);
			name = LaunchScreen.storyboard;
			sourceTree = "<group>";
		};
/* End PBXVariantGroup section */

/* Begin XCBuildConfiguration section */
		BD4A9FDB1BF28F27004E6C15 /* Debug */ = {
			isa = XCBuildConfiguration;
			buildSettings = {
				ALWAYS_SEARCH_USER_PATHS = NO;
				CLANG_CXX_LANGUAGE_STANDARD = "gnu++0x";
				CLANG_CXX_LIBRARY = "libc++";
				CLANG_ENABLE_MODULES = YES;
				CLANG_ENABLE_OBJC_ARC = YES;
				CLANG_WARN_BOOL_CONVERSION = YES;
				CLANG_WARN_CONSTANT_CONVERSION = YES;
				CLANG_WARN_DIRECT_OBJC_ISA_USAGE = YES_ERROR;
				CLANG_WARN_EMPTY_BODY = YES;
				CLANG_WARN_ENUM_CONVERSION = YES;
				CLANG_WARN_INT_CONVERSION = YES;
				CLANG_WARN_OBJC_ROOT_CLASS = YES_ERROR;
				CLANG_WARN_UNREACHABLE_CODE = YES;
				CLANG_WARN__DUPLICATE_METHOD_MATCH = YES;
				"CODE_SIGN_IDENTITY[sdk=iphoneos*]" = "iPhone Developer";
				COPY_PHASE_STRIP = NO;
				DEBUG_INFORMATION_FORMAT = dwarf;
				ENABLE_STRICT_OBJC_MSGSEND = YES;
				ENABLE_TESTABILITY = YES;
				GCC_C_LANGUAGE_STANDARD = gnu99;
				GCC_DYNAMIC_NO_PIC = NO;
				GCC_NO_COMMON_BLOCKS = YES;
				GCC_OPTIMIZATION_LEVEL = 0;
				GCC_PREPROCESSOR_DEFINITIONS = (
					"DEBUG=1",
					"$(inherited)",
				);
				GCC_WARN_64_TO_32_BIT_CONVERSION = YES;
				GCC_WARN_ABOUT_RETURN_TYPE = YES_ERROR;
				GCC_WARN_UNDECLARED_SELECTOR = YES;
				GCC_WARN_UNINITIALIZED_AUTOS = YES_AGGRESSIVE;
				GCC_WARN_UNUSED_FUNCTION = YES;
				GCC_WARN_UNUSED_VARIABLE = YES;
				IPHONEOS_DEPLOYMENT_TARGET = 9.1;
				MTL_ENABLE_DEBUG_INFO = YES;
				ONLY_ACTIVE_ARCH = YES;
				SDKROOT = iphoneos;
				SWIFT_OPTIMIZATION_LEVEL = "-Onone";
			};
			name = Debug;
		};
		BD4A9FDC1BF28F27004E6C15 /* Release */ = {
			isa = XCBuildConfiguration;
			buildSettings = {
				ALWAYS_SEARCH_USER_PATHS = NO;
				CLANG_CXX_LANGUAGE_STANDARD = "gnu++0x";
				CLANG_CXX_LIBRARY = "libc++";
				CLANG_ENABLE_MODULES = YES;
				CLANG_ENABLE_OBJC_ARC = YES;
				CLANG_WARN_BOOL_CONVERSION = YES;
				CLANG_WARN_CONSTANT_CONVERSION = YES;
				CLANG_WARN_DIRECT_OBJC_ISA_USAGE = YES_ERROR;
				CLANG_WARN_EMPTY_BODY = YES;
				CLANG_WARN_ENUM_CONVERSION = YES;
				CLANG_WARN_INT_CONVERSION = YES;
				CLANG_WARN_OBJC_ROOT_CLASS = YES_ERROR;
				CLANG_WARN_UNREACHABLE_CODE = YES;
				CLANG_WARN__DUPLICATE_METHOD_MATCH = YES;
				"CODE_SIGN_IDENTITY[sdk=iphoneos*]" = "iPhone Developer";
				COPY_PHASE_STRIP = NO;
				DEBUG_INFORMATION_FORMAT = "dwarf-with-dsym";
				ENABLE_NS_ASSERTIONS = NO;
				ENABLE_STRICT_OBJC_MSGSEND = YES;
				GCC_C_LANGUAGE_STANDARD = gnu99;
				GCC_NO_COMMON_BLOCKS = YES;
				GCC_WARN_64_TO_32_BIT_CONVERSION = YES;
				GCC_WARN_ABOUT_RETURN_TYPE = YES_ERROR;
				GCC_WARN_UNDECLARED_SELECTOR = YES;
				GCC_WARN_UNINITIALIZED_AUTOS = YES_AGGRESSIVE;
				GCC_WARN_UNUSED_FUNCTION = YES;
				GCC_WARN_UNUSED_VARIABLE = YES;
				IPHONEOS_DEPLOYMENT_TARGET = 9.1;
				MTL_ENABLE_DEBUG_INFO = NO;
				SDKROOT = iphoneos;
				VALIDATE_PRODUCT = YES;
			};
			name = Release;
		};
		BD4A9FDE1BF28F27004E6C15 /* Debug */ = {
			isa = XCBuildConfiguration;
			buildSettings = {
				ASSETCATALOG_COMPILER_APPICON_NAME = AppIcon;
				INFOPLIST_FILE = OnTheMap/Info.plist;
				IPHONEOS_DEPLOYMENT_TARGET = 8.1;
				LD_RUNPATH_SEARCH_PATHS = "$(inherited) @executable_path/Frameworks";
				PRODUCT_BUNDLE_IDENTIFIER = com.jefenew.OnTheMap;
				PRODUCT_NAME = "$(TARGET_NAME)";
			};
			name = Debug;
		};
		BD4A9FDF1BF28F27004E6C15 /* Release */ = {
			isa = XCBuildConfiguration;
			buildSettings = {
				ASSETCATALOG_COMPILER_APPICON_NAME = AppIcon;
				INFOPLIST_FILE = OnTheMap/Info.plist;
				IPHONEOS_DEPLOYMENT_TARGET = 8.1;
				LD_RUNPATH_SEARCH_PATHS = "$(inherited) @executable_path/Frameworks";
				PRODUCT_BUNDLE_IDENTIFIER = com.jefenew.OnTheMap;
				PRODUCT_NAME = "$(TARGET_NAME)";
			};
			name = Release;
		};
/* End XCBuildConfiguration section */

/* Begin XCConfigurationList section */
		BD4A9FC61BF28F27004E6C15 /* Build configuration list for PBXProject "OnTheMap" */ = {
			isa = XCConfigurationList;
			buildConfigurations = (
				BD4A9FDB1BF28F27004E6C15 /* Debug */,
				BD4A9FDC1BF28F27004E6C15 /* Release */,
			);
			defaultConfigurationIsVisible = 0;
			defaultConfigurationName = Release;
		};
		BD4A9FDD1BF28F27004E6C15 /* Build configuration list for PBXNativeTarget "OnTheMap" */ = {
			isa = XCConfigurationList;
			buildConfigurations = (
				BD4A9FDE1BF28F27004E6C15 /* Debug */,
				BD4A9FDF1BF28F27004E6C15 /* Release */,
			);
			defaultConfigurationIsVisible = 0;
			defaultConfigurationName = Release;
		};
/* End XCConfigurationList section */
	};
	rootObject = BD4A9FC31BF28F27004E6C15 /* Project object */;
}
